
Microsoft Visual Studio Solution File, Format Version 12.00
Project("{FAE04EC0-301F-11D3-BF4B-00C04F79EFBC}") = "PollyWebApi.Server", "PollyWebApi.Server\PollyWebApi.Server.csproj", "{C927BE32-7D4D-483A-B917-476FDA176907}"
EndProject
Project("{FAE04EC0-301F-11D3-BF4B-00C04F79EFBC}") = "PollyWebApi.Client", "PollyWebApi.Client\PollyWebApi.Client.csproj", "{BAFD8FA9-4520-46D0-B14F-F7706C5E8B72}"
EndProject
Global
	GlobalSection(SolutionConfigurationPlatforms) = preSolution
		Debug|Any CPU = Debug|Any CPU
		Release|Any CPU = Release|Any CPU
	EndGlobalSection
	GlobalSection(ProjectConfigurationPlatforms) = postSolution
		{C927BE32-7D4D-483A-B917-476FDA176907}.Debug|Any CPU.ActiveCfg = Debug|Any CPU
		{C927BE32-7D4D-483A-B917-476FDA176907}.Debug|Any CPU.Build.0 = Debug|Any CPU
		{C927BE32-7D4D-483A-B917-476FDA176907}.Release|Any CPU.ActiveCfg = Release|Any CPU
		{C927BE32-7D4D-483A-B917-476FDA176907}.Release|Any CPU.Build.0 = Release|Any CPU
		{BAFD8FA9-4520-46D0-B14F-F7706C5E8B72}.Debug|Any CPU.ActiveCfg = Debug|Any CPU
		{BAFD8FA9-4520-46D0-B14F-F7706C5E8B72}.Debug|Any CPU.Build.0 = Debug|Any CPU
		{BAFD8FA9-4520-46D0-B14F-F7706C5E8B72}.Release|Any CPU.ActiveCfg = Release|Any CPU
		{BAFD8FA9-4520-46D0-B14F-F7706C5E8B72}.Release|Any CPU.Build.0 = Release|Any CPU
	EndGlobalSection
EndGlobal
