
Microsoft Visual Studio Solution File, Format Version 12.00
Project("{FAE04EC0-301F-11D3-BF4B-00C04F79EFBC}") = "SchoolManagement", "SchoolManagement\SchoolManagement.csproj", "{34C4715F-4647-47D5-AA37-3686B8C0AB48}"
EndProject
Global
	GlobalSection(SolutionConfigurationPlatforms) = preSolution
		Debug|Any CPU = Debug|Any CPU
		Release|Any CPU = Release|Any CPU
	EndGlobalSection
	GlobalSection(ProjectConfigurationPlatforms) = postSolution
		{34C4715F-4647-47D5-AA37-3686B8C0AB48}.Debug|Any CPU.ActiveCfg = Debug|Any CPU
		{34C4715F-4647-47D5-AA37-3686B8C0AB48}.Debug|Any CPU.Build.0 = Debug|Any CPU
		{34C4715F-4647-47D5-AA37-3686B8C0AB48}.Release|Any CPU.ActiveCfg = Release|Any CPU
		{34C4715F-4647-47D5-AA37-3686B8C0AB48}.Release|Any CPU.Build.0 = Release|Any CPU
	EndGlobalSection
EndGlobal
