
Microsoft Visual Studio Solution File, Format Version 12.00
Project("{FAE04EC0-301F-11D3-BF4B-00C04F79EFBC}") = "BasicCaching", "BasicCaching\BasicCaching.csproj", "{BD040A1B-751F-4DCE-93C7-91B66D1979A6}"
EndProject
Global
	GlobalSection(SolutionConfigurationPlatforms) = preSolution
		Debug|Any CPU = Debug|Any CPU
		Release|Any CPU = Release|Any CPU
	EndGlobalSection
	GlobalSection(ProjectConfigurationPlatforms) = postSolution
		{BD040A1B-751F-4DCE-93C7-91B66D1979A6}.Debug|Any CPU.ActiveCfg = Debug|Any CPU
		{BD040A1B-751F-4DCE-93C7-91B66D1979A6}.Debug|Any CPU.Build.0 = Debug|Any CPU
		{BD040A1B-751F-4DCE-93C7-91B66D1979A6}.Release|Any CPU.ActiveCfg = Release|Any CPU
		{BD040A1B-751F-4DCE-93C7-91B66D1979A6}.Release|Any CPU.Build.0 = Release|Any CPU
	EndGlobalSection
EndGlobal
