
Microsoft Visual Studio Solution File, Format Version 12.00
Project("{FAE04EC0-301F-11D3-BF4B-00C04F79EFBC}") = "ClaimBasedAuthorizationTesting", "ClaimBasedAuthorizationTesting\ClaimBasedAuthorizationTesting.csproj", "{4CE89BAA-7254-4F8C-964B-079D23A0A31F}"
EndProject
Project("{FAE04EC0-301F-11D3-BF4B-00C04F79EFBC}") = "IntegrationTests", "IntegrationTests\IntegrationTests.csproj", "{DF05FB7C-36DC-4850-B9E0-65F86A750843}"
EndProject
Global
	GlobalSection(SolutionConfigurationPlatforms) = preSolution
		Debug|Any CPU = Debug|Any CPU
		Release|Any CPU = Release|Any CPU
	EndGlobalSection
	GlobalSection(ProjectConfigurationPlatforms) = postSolution
		{4CE89BAA-7254-4F8C-964B-079D23A0A31F}.Debug|Any CPU.ActiveCfg = Debug|Any CPU
		{4CE89BAA-7254-4F8C-964B-079D23A0A31F}.Debug|Any CPU.Build.0 = Debug|Any CPU
		{4CE89BAA-7254-4F8C-964B-079D23A0A31F}.Release|Any CPU.ActiveCfg = Release|Any CPU
		{4CE89BAA-7254-4F8C-964B-079D23A0A31F}.Release|Any CPU.Build.0 = Release|Any CPU
		{DF05FB7C-36DC-4850-B9E0-65F86A750843}.Debug|Any CPU.ActiveCfg = Debug|Any CPU
		{DF05FB7C-36DC-4850-B9E0-65F86A750843}.Debug|Any CPU.Build.0 = Debug|Any CPU
		{DF05FB7C-36DC-4850-B9E0-65F86A750843}.Release|Any CPU.ActiveCfg = Release|Any CPU
		{DF05FB7C-36DC-4850-B9E0-65F86A750843}.Release|Any CPU.Build.0 = Release|Any CPU
	EndGlobalSection
EndGlobal
